
Microsoft Visual Studio Solution File, Format Version 12.00
# 17
VisualStudioVersion = 17.11.35201.85
MinimumVisualStudioVersion = 10.0.40219.1
Project("{9A19103F-16F7-4668-BE54-9A1E7A4F7556}") = "Pilgrimage.Abstractions", "src\Pilgrimage.Abstractions\Pilgrimage.Abstractions.csproj", "{13117B9D-F6E7-417D-B83D-B9BF930B8420}"
EndProject
Project("{9A19103F-16F7-4668-BE54-9A1E7A4F7556}") = "Pilgimage", "src\Pilgrimage\Pilgimage.csproj", "{6716374C-1D0C-4E9A-92B3-1B8FD00ABB50}"
EndProject
Project("{9A19103F-16F7-4668-BE54-9A1E7A4F7556}") = "Pilgrimage.Extensions", "src\Pilgrimage.Extensions\Pilgrimage.Extensions.csproj", "{8649BB49-FEAD-405D-AE21-AE7476B670A7}"
EndProject
Project("{9A19103F-16F7-4668-BE54-9A1E7A4F7556}") = "Pilgrimage.ViewModels", "src\Pilgrimage.ViewModels\Pilgrimage.ViewModels.csproj", "{FBFF2BA9-A0A3-4590-8318-1BD06A08EF81}"
EndProject
Project("{9A19103F-16F7-4668-BE54-9A1E7A4F7556}") = "Pilgrimage.Controls.WPF", "src\Pilgrimage.Controls.WPF\Pilgrimage.Controls.WPF.csproj", "{535DF2FB-E886-4FE5-92A6-118AC47778D8}"
EndProject
Project("{9A19103F-16F7-4668-BE54-9A1E7A4F7556}") = "Pilgrimage.Quest.Tool", "src\Pilgrimage.Quest.Tool\Pilgrimage.Quest.Tool.csproj", "{58CC97C3-60C8-480B-9C79-BDFC3458FC39}"
EndProject
Project("{9A19103F-16F7-4668-BE54-9A1E7A4F7556}") = "Pilgrimage.Inventory.Tests", "tests\Pilgrimage.Inventory.Tests\Pilgrimage.Inventory.Tests.csproj", "{1FBACBD1-63E0-419D-B172-0E8B8FCA4B5E}"
EndProject
Project("{9A19103F-16F7-4668-BE54-9A1E7A4F7556}") = "Pilgrimage.Quest.Tests", "tests\Pilgrimage.Quest.Tests\Pilgrimage.Quest.Tests.csproj", "{0BE86CBB-C6B9-44E6-8952-05A1EA865AAD}"
EndProject
Project("{2150E333-8FDC-42A3-9474-1A3956D46DE8}") = "[tests]", "[tests]", "{165CF43B-CEB0-40A6-B03E-4D3FFF06773C}"
EndProject
Project("{2150E333-8FDC-42A3-9474-1A3956D46DE8}") = "[tools]", "[tools]", "{585A0E4D-BE74-4DAD-81E8-975127F58FF7}"
EndProject
Project("{FAE04EC0-301F-11D3-BF4B-00C04F79EFBC}") = "Pilgrimage.Inventory.Tool", "src\Pilgrimage.Inventory.Tool\Pilgrimage.Inventory.Tool.csproj", "{97A8AB65-5478-4F9D-A71E-754A4676A1D7}"
EndProject
Global
	GlobalSection(SolutionConfigurationPlatforms) = preSolution
		Debug|Any CPU = Debug|Any CPU
		Release|Any CPU = Release|Any CPU
	EndGlobalSection
	GlobalSection(ProjectConfigurationPlatforms) = postSolution
		{13117B9D-F6E7-417D-B83D-B9BF930B8420}.Debug|Any CPU.ActiveCfg = Debug|Any CPU
		{13117B9D-F6E7-417D-B83D-B9BF930B8420}.Debug|Any CPU.Build.0 = Debug|Any CPU
		{13117B9D-F6E7-417D-B83D-B9BF930B8420}.Release|Any CPU.ActiveCfg = Release|Any CPU
		{13117B9D-F6E7-417D-B83D-B9BF930B8420}.Release|Any CPU.Build.0 = Release|Any CPU
		{6716374C-1D0C-4E9A-92B3-1B8FD00ABB50}.Debug|Any CPU.ActiveCfg = Debug|Any CPU
		{6716374C-1D0C-4E9A-92B3-1B8FD00ABB50}.Debug|Any CPU.Build.0 = Debug|Any CPU
		{6716374C-1D0C-4E9A-92B3-1B8FD00ABB50}.Release|Any CPU.ActiveCfg = Release|Any CPU
		{6716374C-1D0C-4E9A-92B3-1B8FD00ABB50}.Release|Any CPU.Build.0 = Release|Any CPU
		{8649BB49-FEAD-405D-AE21-AE7476B670A7}.Debug|Any CPU.ActiveCfg = Debug|Any CPU
		{8649BB49-FEAD-405D-AE21-AE7476B670A7}.Debug|Any CPU.Build.0 = Debug|Any CPU
		{8649BB49-FEAD-405D-AE21-AE7476B670A7}.Release|Any CPU.ActiveCfg = Release|Any CPU
		{8649BB49-FEAD-405D-AE21-AE7476B670A7}.Release|Any CPU.Build.0 = Release|Any CPU
		{FBFF2BA9-A0A3-4590-8318-1BD06A08EF81}.Debug|Any CPU.ActiveCfg = Debug|Any CPU
		{FBFF2BA9-A0A3-4590-8318-1BD06A08EF81}.Debug|Any CPU.Build.0 = Debug|Any CPU
		{FBFF2BA9-A0A3-4590-8318-1BD06A08EF81}.Release|Any CPU.ActiveCfg = Release|Any CPU
		{FBFF2BA9-A0A3-4590-8318-1BD06A08EF81}.Release|Any CPU.Build.0 = Release|Any CPU
		{535DF2FB-E886-4FE5-92A6-118AC47778D8}.Debug|Any CPU.ActiveCfg = Debug|Any CPU
		{535DF2FB-E886-4FE5-92A6-118AC47778D8}.Debug|Any CPU.Build.0 = Debug|Any CPU
		{535DF2FB-E886-4FE5-92A6-118AC47778D8}.Release|Any CPU.ActiveCfg = Release|Any CPU
		{535DF2FB-E886-4FE5-92A6-118AC47778D8}.Release|Any CPU.Build.0 = Release|Any CPU
		{58CC97C3-60C8-480B-9C79-BDFC3458FC39}.Debug|Any CPU.ActiveCfg = Debug|Any CPU
		{58CC97C3-60C8-480B-9C79-BDFC3458FC39}.Debug|Any CPU.Build.0 = Debug|Any CPU
		{58CC97C3-60C8-480B-9C79-BDFC3458FC39}.Release|Any CPU.ActiveCfg = Release|Any CPU
		{58CC97C3-60C8-480B-9C79-BDFC3458FC39}.Release|Any CPU.Build.0 = Release|Any CPU
		{1FBACBD1-63E0-419D-B172-0E8B8FCA4B5E}.Debug|Any CPU.ActiveCfg = Debug|Any CPU
		{1FBACBD1-63E0-419D-B172-0E8B8FCA4B5E}.Debug|Any CPU.Build.0 = Debug|Any CPU
		{1FBACBD1-63E0-419D-B172-0E8B8FCA4B5E}.Release|Any CPU.ActiveCfg = Release|Any CPU
		{1FBACBD1-63E0-419D-B172-0E8B8FCA4B5E}.Release|Any CPU.Build.0 = Release|Any CPU
		{0BE86CBB-C6B9-44E6-8952-05A1EA865AAD}.Debug|Any CPU.ActiveCfg = Debug|Any CPU
		{0BE86CBB-C6B9-44E6-8952-05A1EA865AAD}.Debug|Any CPU.Build.0 = Debug|Any CPU
		{0BE86CBB-C6B9-44E6-8952-05A1EA865AAD}.Release|Any CPU.ActiveCfg = Release|Any CPU
		{0BE86CBB-C6B9-44E6-8952-05A1EA865AAD}.Release|Any CPU.Build.0 = Release|Any CPU
		{97A8AB65-5478-4F9D-A71E-754A4676A1D7}.Debug|Any CPU.ActiveCfg = Debug|Any CPU
		{97A8AB65-5478-4F9D-A71E-754A4676A1D7}.Debug|Any CPU.Build.0 = Debug|Any CPU
		{97A8AB65-5478-4F9D-A71E-754A4676A1D7}.Release|Any CPU.ActiveCfg = Release|Any CPU
		{97A8AB65-5478-4F9D-A71E-754A4676A1D7}.Release|Any CPU.Build.0 = Release|Any CPU
	EndGlobalSection
	GlobalSection(SolutionProperties) = preSolution
		HideSolutionNode = FALSE
	EndGlobalSection
	GlobalSection(NestedProjects) = preSolution
		{8649BB49-FEAD-405D-AE21-AE7476B670A7} = {585A0E4D-BE74-4DAD-81E8-975127F58FF7}
		{535DF2FB-E886-4FE5-92A6-118AC47778D8} = {585A0E4D-BE74-4DAD-81E8-975127F58FF7}
		{58CC97C3-60C8-480B-9C79-BDFC3458FC39} = {585A0E4D-BE74-4DAD-81E8-975127F58FF7}
		{0BE86CBB-C6B9-44E6-8952-05A1EA865AAD} = {165CF43B-CEB0-40A6-B03E-4D3FFF06773C}
		{97A8AB65-5478-4F9D-A71E-754A4676A1D7} = {585A0E4D-BE74-4DAD-81E8-975127F58FF7}
	EndGlobalSection
	GlobalSection(ExtensibilityGlobals) = postSolution
		SolutionGuid = {4818F6F6-F237-429E-A797-DDE359239CEE}
	EndGlobalSection
EndGlobal
